// !$*UTF8*$!
{
	archiveVersion = 1;
	classes = {
	};
	objectVersion = 52;
	objects = {

/* Begin PBXBuildFile section */
		844627A72581E5EB00E2AB60 /* WindowController.swift in Sources */ = {isa = PBXBuildFile; fileRef = 844627A62581E5EB00E2AB60 /* WindowController.swift */; };
		84462A992582595F00E2AB60 /* Constants.swift in Sources */ = {isa = PBXBuildFile; fileRef = 84462A982582595F00E2AB60 /* Constants.swift */; };
		E8362B8E2580F6C2007FB314 /* AppDelegate.swift in Sources */ = {isa = PBXBuildFile; fileRef = E8362B8D2580F6C2007FB314 /* AppDelegate.swift */; };
		E8362B902580F6C2007FB314 /* SplitVC.swift in Sources */ = {isa = PBXBuildFile; fileRef = E8362B8F2580F6C2007FB314 /* SplitVC.swift */; };
		E8362B922580F6C5007FB314 /* Assets.xcassets in Resources */ = {isa = PBXBuildFile; fileRef = E8362B912580F6C5007FB314 /* Assets.xcassets */; };
		E8362B952580F6C5007FB314 /* Main.storyboard in Resources */ = {isa = PBXBuildFile; fileRef = E8362B932580F6C5007FB314 /* Main.storyboard */; };
		E87B254A2581085300B8784C /* HNItemCell.swift in Sources */ = {isa = PBXBuildFile; fileRef = E87B25492581085300B8784C /* HNItemCell.swift */; };
		E87B254D2581098300B8784C /* HNParser.swift in Sources */ = {isa = PBXBuildFile; fileRef = E87B254C2581098300B8784C /* HNParser.swift */; };
		E87B2550258109D700B8784C /* RightVC.swift in Sources */ = {isa = PBXBuildFile; fileRef = E87B254F258109D700B8784C /* RightVC.swift */; };
		E87B255425810AB500B8784C /* SwiftSoup in Frameworks */ = {isa = PBXBuildFile; productRef = E87B255325810AB500B8784C /* SwiftSoup */; };
		E8CC1A022580FF3000570942 /* LeftVC.swift in Sources */ = {isa = PBXBuildFile; fileRef = E8CC1A012580FF3000570942 /* LeftVC.swift */; };
/* End PBXBuildFile section */

/* Begin PBXFileReference section */
		844627A62581E5EB00E2AB60 /* WindowController.swift */ = {isa = PBXFileReference; lastKnownFileType = sourcecode.swift; path = WindowController.swift; sourceTree = "<group>"; };
		84462A982582595F00E2AB60 /* Constants.swift */ = {isa = PBXFileReference; lastKnownFileType = sourcecode.swift; path = Constants.swift; sourceTree = "<group>"; };
		E8362B8A2580F6C2007FB314 /* HNReader.app */ = {isa = PBXFileReference; explicitFileType = wrapper.application; includeInIndex = 0; path = HNReader.app; sourceTree = BUILT_PRODUCTS_DIR; };
		E8362B8D2580F6C2007FB314 /* AppDelegate.swift */ = {isa = PBXFileReference; lastKnownFileType = sourcecode.swift; path = AppDelegate.swift; sourceTree = "<group>"; };
		E8362B8F2580F6C2007FB314 /* SplitVC.swift */ = {isa = PBXFileReference; lastKnownFileType = sourcecode.swift; path = SplitVC.swift; sourceTree = "<group>"; };
		E8362B912580F6C5007FB314 /* Assets.xcassets */ = {isa = PBXFileReference; lastKnownFileType = folder.assetcatalog; path = Assets.xcassets; sourceTree = "<group>"; };
		E8362B942580F6C5007FB314 /* Base */ = {isa = PBXFileReference; lastKnownFileType = file.storyboard; name = Base; path = Base.lproj/Main.storyboard; sourceTree = "<group>"; };
		E8362B962580F6C5007FB314 /* Info.plist */ = {isa = PBXFileReference; lastKnownFileType = text.plist.xml; path = Info.plist; sourceTree = "<group>"; };
		E8362B972580F6C5007FB314 /* HNReader.entitlements */ = {isa = PBXFileReference; lastKnownFileType = text.plist.entitlements; path = HNReader.entitlements; sourceTree = "<group>"; };
		E87B25492581085300B8784C /* HNItemCell.swift */ = {isa = PBXFileReference; lastKnownFileType = sourcecode.swift; path = HNItemCell.swift; sourceTree = "<group>"; };
		E87B254C2581098300B8784C /* HNParser.swift */ = {isa = PBXFileReference; lastKnownFileType = sourcecode.swift; path = HNParser.swift; sourceTree = "<group>"; };
		E87B254F258109D700B8784C /* RightVC.swift */ = {isa = PBXFileReference; lastKnownFileType = sourcecode.swift; path = RightVC.swift; sourceTree = "<group>"; };
		E8CC1A012580FF3000570942 /* LeftVC.swift */ = {isa = PBXFileReference; lastKnownFileType = sourcecode.swift; path = LeftVC.swift; sourceTree = "<group>"; };
/* End PBXFileReference section */

/* Begin PBXFrameworksBuildPhase section */
		E8362B872580F6C2007FB314 /* Frameworks */ = {
			isa = PBXFrameworksBuildPhase;
			buildActionMask = 2147483647;
			files = (
				E87B255425810AB500B8784C /* SwiftSoup in Frameworks */,
			);
			runOnlyForDeploymentPostprocessing = 0;
		};
/* End PBXFrameworksBuildPhase section */

/* Begin PBXGroup section */
		E8362B812580F6C2007FB314 = {
			isa = PBXGroup;
			children = (
				E8362B8C2580F6C2007FB314 /* HNReader */,
				E8362B8B2580F6C2007FB314 /* Products */,
			);
			sourceTree = "<group>";
		};
		E8362B8B2580F6C2007FB314 /* Products */ = {
			isa = PBXGroup;
			children = (
				E8362B8A2580F6C2007FB314 /* HNReader.app */,
			);
			name = Products;
			sourceTree = "<group>";
		};
		E8362B8C2580F6C2007FB314 /* HNReader */ = {
			isa = PBXGroup;
			children = (
				E89ADA7D2585BDA400AC8828 /* Data */,
				E89ADA7F2585BDEB00AC8828 /* View */,
				E89ADA802585BDF900AC8828 /* App */,
				E89ADA7E2585BDC900AC8828 /* Resource */,
				E8362B962580F6C5007FB314 /* Info.plist */,
				E8362B972580F6C5007FB314 /* HNReader.entitlements */,
			);
			path = HNReader;
			sourceTree = "<group>";
		};
		E89ADA7D2585BDA400AC8828 /* Data */ = {
			isa = PBXGroup;
			children = (
				E87B254C2581098300B8784C /* HNParser.swift */,
				84462A982582595F00E2AB60 /* Constants.swift */,
			);
			path = Data;
			sourceTree = "<group>";
		};
		E89ADA7E2585BDC900AC8828 /* Resource */ = {
			isa = PBXGroup;
			children = (
				E8362B912580F6C5007FB314 /* Assets.xcassets */,
				E8362B932580F6C5007FB314 /* Main.storyboard */,
			);
			path = Resource;
			sourceTree = "<group>";
		};
		E89ADA7F2585BDEB00AC8828 /* View */ = {
			isa = PBXGroup;
			children = (
				E87B25492581085300B8784C /* HNItemCell.swift */,
			);
			path = View;
			sourceTree = "<group>";
		};
		E89ADA802585BDF900AC8828 /* App */ = {
			isa = PBXGroup;
			children = (
				E8362B8D2580F6C2007FB314 /* AppDelegate.swift */,
				E8362B8F2580F6C2007FB314 /* SplitVC.swift */,
				E8CC1A012580FF3000570942 /* LeftVC.swift */,
				E87B254F258109D700B8784C /* RightVC.swift */,
				844627A62581E5EB00E2AB60 /* WindowController.swift */,
			);
			path = App;
			sourceTree = "<group>";
		};
/* End PBXGroup section */

/* Begin PBXNativeTarget section */
		E8362B892580F6C2007FB314 /* HNReader */ = {
			isa = PBXNativeTarget;
			buildConfigurationList = E8362B9A2580F6C5007FB314 /* Build configuration list for PBXNativeTarget "HNReader" */;
			buildPhases = (
				E8362B862580F6C2007FB314 /* Sources */,
				E8362B872580F6C2007FB314 /* Frameworks */,
				E8362B882580F6C2007FB314 /* Resources */,
			);
			buildRules = (
			);
			dependencies = (
			);
			name = HNReader;
			packageProductDependencies = (
				E87B255325810AB500B8784C /* SwiftSoup */,
			);
			productName = HNReader;
			productReference = E8362B8A2580F6C2007FB314 /* HNReader.app */;
			productType = "com.apple.product-type.application";
		};
/* End PBXNativeTarget section */

/* Begin PBXProject section */
		E8362B822580F6C2007FB314 /* Project object */ = {
			isa = PBXProject;
			attributes = {
				LastSwiftUpdateCheck = 1220;
				LastUpgradeCheck = 1220;
				TargetAttributes = {
					E8362B892580F6C2007FB314 = {
						CreatedOnToolsVersion = 12.2;
					};
				};
			};
			buildConfigurationList = E8362B852580F6C2007FB314 /* Build configuration list for PBXProject "HNReader" */;
			compatibilityVersion = "Xcode 9.3";
			developmentRegion = en;
			hasScannedForEncodings = 0;
			knownRegions = (
				en,
				Base,
			);
			mainGroup = E8362B812580F6C2007FB314;
			packageReferences = (
				E87B255225810AB500B8784C /* XCRemoteSwiftPackageReference "SwiftSoup" */,
			);
			productRefGroup = E8362B8B2580F6C2007FB314 /* Products */;
			projectDirPath = "";
			projectRoot = "";
			targets = (
				E8362B892580F6C2007FB314 /* HNReader */,
			);
		};
/* End PBXProject section */

/* Begin PBXResourcesBuildPhase section */
		E8362B882580F6C2007FB314 /* Resources */ = {
			isa = PBXResourcesBuildPhase;
			buildActionMask = 2147483647;
			files = (
				E8362B922580F6C5007FB314 /* Assets.xcassets in Resources */,
				E8362B952580F6C5007FB314 /* Main.storyboard in Resources */,
			);
			runOnlyForDeploymentPostprocessing = 0;
		};
/* End PBXResourcesBuildPhase section */

/* Begin PBXSourcesBuildPhase section */
		E8362B862580F6C2007FB314 /* Sources */ = {
			isa = PBXSourcesBuildPhase;
			buildActionMask = 2147483647;
			files = (
				E87B254D2581098300B8784C /* HNParser.swift in Sources */,
				E87B254A2581085300B8784C /* HNItemCell.swift in Sources */,
				E8CC1A022580FF3000570942 /* LeftVC.swift in Sources */,
				844627A72581E5EB00E2AB60 /* WindowController.swift in Sources */,
				E87B2550258109D700B8784C /* RightVC.swift in Sources */,
				84462A992582595F00E2AB60 /* Constants.swift in Sources */,
				E8362B902580F6C2007FB314 /* SplitVC.swift in Sources */,
				E8362B8E2580F6C2007FB314 /* AppDelegate.swift in Sources */,
			);
			runOnlyForDeploymentPostprocessing = 0;
		};
/* End PBXSourcesBuildPhase section */

/* Begin PBXVariantGroup section */
		E8362B932580F6C5007FB314 /* Main.storyboard */ = {
			isa = PBXVariantGroup;
			children = (
				E8362B942580F6C5007FB314 /* Base */,
			);
			name = Main.storyboard;
			sourceTree = "<group>";
		};
/* End PBXVariantGroup section */

/* Begin XCBuildConfiguration section */
		E8362B982580F6C5007FB314 /* Debug */ = {
			isa = XCBuildConfiguration;
			buildSettings = {
				ALWAYS_SEARCH_USER_PATHS = NO;
				CLANG_ANALYZER_NONNULL = YES;
				CLANG_ANALYZER_NUMBER_OBJECT_CONVERSION = YES_AGGRESSIVE;
				CLANG_CXX_LANGUAGE_STANDARD = "gnu++14";
				CLANG_CXX_LIBRARY = "libc++";
				CLANG_ENABLE_MODULES = YES;
				CLANG_ENABLE_OBJC_ARC = YES;
				CLANG_ENABLE_OBJC_WEAK = YES;
				CLANG_WARN_BLOCK_CAPTURE_AUTORELEASING = YES;
				CLANG_WARN_BOOL_CONVERSION = YES;
				CLANG_WARN_COMMA = YES;
				CLANG_WARN_CONSTANT_CONVERSION = YES;
				CLANG_WARN_DEPRECATED_OBJC_IMPLEMENTATIONS = YES;
				CLANG_WARN_DIRECT_OBJC_ISA_USAGE = YES_ERROR;
				CLANG_WARN_DOCUMENTATION_COMMENTS = YES;
				CLANG_WARN_EMPTY_BODY = YES;
				CLANG_WARN_ENUM_CONVERSION = YES;
				CLANG_WARN_INFINITE_RECURSION = YES;
				CLANG_WARN_INT_CONVERSION = YES;
				CLANG_WARN_NON_LITERAL_NULL_CONVERSION = YES;
				CLANG_WARN_OBJC_IMPLICIT_RETAIN_SELF = YES;
				CLANG_WARN_OBJC_LITERAL_CONVERSION = YES;
				CLANG_WARN_OBJC_ROOT_CLASS = YES_ERROR;
				CLANG_WARN_QUOTED_INCLUDE_IN_FRAMEWORK_HEADER = YES;
				CLANG_WARN_RANGE_LOOP_ANALYSIS = YES;
				CLANG_WARN_STRICT_PROTOTYPES = YES;
				CLANG_WARN_SUSPICIOUS_MOVE = YES;
				CLANG_WARN_UNGUARDED_AVAILABILITY = YES_AGGRESSIVE;
				CLANG_WARN_UNREACHABLE_CODE = YES;
				CLANG_WARN__DUPLICATE_METHOD_MATCH = YES;
				COPY_PHASE_STRIP = NO;
				DEBUG_INFORMATION_FORMAT = dwarf;
				ENABLE_STRICT_OBJC_MSGSEND = YES;
				ENABLE_TESTABILITY = YES;
				GCC_C_LANGUAGE_STANDARD = gnu11;
				GCC_DYNAMIC_NO_PIC = NO;
				GCC_NO_COMMON_BLOCKS = YES;
				GCC_OPTIMIZATION_LEVEL = 0;
				GCC_PREPROCESSOR_DEFINITIONS = (
					"DEBUG=1",
					"$(inherited)",
				);
				GCC_WARN_64_TO_32_BIT_CONVERSION = YES;
				GCC_WARN_ABOUT_RETURN_TYPE = YES_ERROR;
				GCC_WARN_UNDECLARED_SELECTOR = YES;
				GCC_WARN_UNINITIALIZED_AUTOS = YES_AGGRESSIVE;
				GCC_WARN_UNUSED_FUNCTION = YES;
				GCC_WARN_UNUSED_VARIABLE = YES;
				MACOSX_DEPLOYMENT_TARGET = 11.0;
				MTL_ENABLE_DEBUG_INFO = INCLUDE_SOURCE;
				MTL_FAST_MATH = YES;
				ONLY_ACTIVE_ARCH = YES;
				SDKROOT = macosx;
				SWIFT_ACTIVE_COMPILATION_CONDITIONS = DEBUG;
				SWIFT_OPTIMIZATION_LEVEL = "-Onone";
			};
			name = Debug;
		};
		E8362B992580F6C5007FB314 /* Release */ = {
			isa = XCBuildConfiguration;
			buildSettings = {
				ALWAYS_SEARCH_USER_PATHS = NO;
				CLANG_ANALYZER_NONNULL = YES;
				CLANG_ANALYZER_NUMBER_OBJECT_CONVERSION = YES_AGGRESSIVE;
				CLANG_CXX_LANGUAGE_STANDARD = "gnu++14";
				CLANG_CXX_LIBRARY = "libc++";
				CLANG_ENABLE_MODULES = YES;
				CLANG_ENABLE_OBJC_ARC = YES;
				CLANG_ENABLE_OBJC_WEAK = YES;
				CLANG_WARN_BLOCK_CAPTURE_AUTORELEASING = YES;
				CLANG_WARN_BOOL_CONVERSION = YES;
				CLANG_WARN_COMMA = YES;
				CLANG_WARN_CONSTANT_CONVERSION = YES;
				CLANG_WARN_DEPRECATED_OBJC_IMPLEMENTATIONS = YES;
				CLANG_WARN_DIRECT_OBJC_ISA_USAGE = YES_ERROR;
				CLANG_WARN_DOCUMENTATION_COMMENTS = YES;
				CLANG_WARN_EMPTY_BODY = YES;
				CLANG_WARN_ENUM_CONVERSION = YES;
				CLANG_WARN_INFINITE_RECURSION = YES;
				CLANG_WARN_INT_CONVERSION = YES;
				CLANG_WARN_NON_LITERAL_NULL_CONVERSION = YES;
				CLANG_WARN_OBJC_IMPLICIT_RETAIN_SELF = YES;
				CLANG_WARN_OBJC_LITERAL_CONVERSION = YES;
				CLANG_WARN_OBJC_ROOT_CLASS = YES_ERROR;
				CLANG_WARN_QUOTED_INCLUDE_IN_FRAMEWORK_HEADER = YES;
				CLANG_WARN_RANGE_LOOP_ANALYSIS = YES;
				CLANG_WARN_STRICT_PROTOTYPES = YES;
				CLANG_WARN_SUSPICIOUS_MOVE = YES;
				CLANG_WARN_UNGUARDED_AVAILABILITY = YES_AGGRESSIVE;
				CLANG_WARN_UNREACHABLE_CODE = YES;
				CLANG_WARN__DUPLICATE_METHOD_MATCH = YES;
				COPY_PHASE_STRIP = NO;
				DEBUG_INFORMATION_FORMAT = "dwarf-with-dsym";
				ENABLE_NS_ASSERTIONS = NO;
				ENABLE_STRICT_OBJC_MSGSEND = YES;
				GCC_C_LANGUAGE_STANDARD = gnu11;
				GCC_NO_COMMON_BLOCKS = YES;
				GCC_WARN_64_TO_32_BIT_CONVERSION = YES;
				GCC_WARN_ABOUT_RETURN_TYPE = YES_ERROR;
				GCC_WARN_UNDECLARED_SELECTOR = YES;
				GCC_WARN_UNINITIALIZED_AUTOS = YES_AGGRESSIVE;
				GCC_WARN_UNUSED_FUNCTION = YES;
				GCC_WARN_UNUSED_VARIABLE = YES;
				MACOSX_DEPLOYMENT_TARGET = 11.0;
				MTL_ENABLE_DEBUG_INFO = NO;
				MTL_FAST_MATH = YES;
				SDKROOT = macosx;
				SWIFT_COMPILATION_MODE = wholemodule;
				SWIFT_OPTIMIZATION_LEVEL = "-O";
			};
			name = Release;
		};
		E8362B9B2580F6C5007FB314 /* Debug */ = {
			isa = XCBuildConfiguration;
			buildSettings = {
				ASSETCATALOG_COMPILER_APPICON_NAME = AppIcon;
				ASSETCATALOG_COMPILER_GLOBAL_ACCENT_COLOR_NAME = AccentColor;
				CODE_SIGN_ENTITLEMENTS = HNReader/HNReader.entitlements;
				CODE_SIGN_STYLE = Automatic;
				COMBINE_HIDPI_IMAGES = YES;
				DEVELOPMENT_TEAM = 5TCGFUXXZP;
				ENABLE_HARDENED_RUNTIME = YES;
				INFOPLIST_FILE = HNReader/Info.plist;
				LD_RUNPATH_SEARCH_PATHS = (
					"$(inherited)",
					"@executable_path/../Frameworks",
				);
				PRODUCT_BUNDLE_IDENTIFIER = ink.mnt.HNReader;
				PRODUCT_NAME = "$(TARGET_NAME)";
				SWIFT_VERSION = 5.0;
			};
			name = Debug;
		};
		E8362B9C2580F6C5007FB314 /* Release */ = {
			isa = XCBuildConfiguration;
			buildSettings = {
				ASSETCATALOG_COMPILER_APPICON_NAME = AppIcon;
				ASSETCATALOG_COMPILER_GLOBAL_ACCENT_COLOR_NAME = AccentColor;
				CODE_SIGN_ENTITLEMENTS = HNReader/HNReader.entitlements;
				CODE_SIGN_STYLE = Automatic;
				COMBINE_HIDPI_IMAGES = YES;
				DEVELOPMENT_TEAM = 5TCGFUXXZP;
				ENABLE_HARDENED_RUNTIME = YES;
				INFOPLIST_FILE = HNReader/Info.plist;
				LD_RUNPATH_SEARCH_PATHS = (
					"$(inherited)",
					"@executable_path/../Frameworks",
				);
				PRODUCT_BUNDLE_IDENTIFIER = ink.mnt.HNReader;
				PRODUCT_NAME = "$(TARGET_NAME)";
				SWIFT_VERSION = 5.0;
			};
			name = Release;
		};
/* End XCBuildConfiguration section */

/* Begin XCConfigurationList section */
		E8362B852580F6C2007FB314 /* Build configuration list for PBXProject "HNReader" */ = {
			isa = XCConfigurationList;
			buildConfigurations = (
				E8362B982580F6C5007FB314 /* Debug */,
				E8362B992580F6C5007FB314 /* Release */,
			);
			defaultConfigurationIsVisible = 0;
			defaultConfigurationName = Release;
		};
		E8362B9A2580F6C5007FB314 /* Build configuration list for PBXNativeTarget "HNReader" */ = {
			isa = XCConfigurationList;
			buildConfigurations = (
				E8362B9B2580F6C5007FB314 /* Debug */,
				E8362B9C2580F6C5007FB314 /* Release */,
			);
			defaultConfigurationIsVisible = 0;
			defaultConfigurationName = Release;
		};
/* End XCConfigurationList section */

/* Begin XCRemoteSwiftPackageReference section */
		E87B255225810AB500B8784C /* XCRemoteSwiftPackageReference "SwiftSoup" */ = {
			isa = XCRemoteSwiftPackageReference;
			repositoryURL = "https://github.com/scinfu/SwiftSoup.git";
			requirement = {
				kind = upToNextMajorVersion;
				minimumVersion = 2.3.2;
			};
		};
/* End XCRemoteSwiftPackageReference section */

/* Begin XCSwiftPackageProductDependency section */
		E87B255325810AB500B8784C /* SwiftSoup */ = {
			isa = XCSwiftPackageProductDependency;
			package = E87B255225810AB500B8784C /* XCRemoteSwiftPackageReference "SwiftSoup" */;
			productName = SwiftSoup;
		};
/* End XCSwiftPackageProductDependency section */
	};
	rootObject = E8362B822580F6C2007FB314 /* Project object */;
}
